
Microsoft Visual Studio Solution File, Format Version 12.00
# Visual Studio Version 16
VisualStudioVersion = 16.0.30621.155
MinimumVisualStudioVersion = 10.0.40219.1
Project("{FAE04EC0-301F-11D3-BF4B-00C04F79EFBC}") = "Gestion_Scolarité", "Gestion_Scolarité\Gestion_Scolarité.csproj", "{C12F66AA-D53B-40E9-811E-C58159228FD5}"
EndProject
Global
	GlobalSection(SolutionConfigurationPlatforms) = preSolution
		Debug|Any CPU = Debug|Any CPU
		Release|Any CPU = Release|Any CPU
	EndGlobalSection
	GlobalSection(ProjectConfigurationPlatforms) = postSolution
		{C12F66AA-D53B-40E9-811E-C58159228FD5}.Debug|Any CPU.ActiveCfg = Debug|Any CPU
		{C12F66AA-D53B-40E9-811E-C58159228FD5}.Debug|Any CPU.Build.0 = Debug|Any CPU
		{C12F66AA-D53B-40E9-811E-C58159228FD5}.Release|Any CPU.ActiveCfg = Release|Any CPU
		{C12F66AA-D53B-40E9-811E-C58159228FD5}.Release|Any CPU.Build.0 = Release|Any CPU
	EndGlobalSection
	GlobalSection(SolutionProperties) = preSolution
		HideSolutionNode = FALSE
	EndGlobalSection
	GlobalSection(ExtensibilityGlobals) = postSolution
		SolutionGuid = {1909A558-BD4B-45C9-BA4D-C960739B8AB2}
	EndGlobalSection
EndGlobal
